
Microsoft Visual Studio Solution File, Format Version 12.00
# Visual Studio Version 16
VisualStudioVersion = 16.0.31515.178
MinimumVisualStudioVersion = 10.0.40219.1
Project("{FAE04EC0-301F-11D3-BF4B-00C04F79EFBC}") = "Exercise-project-", "Exercise-project-\Exercise-project-.csproj", "{B6046AA8-471F-45C2-A371-47EED07EE43F}"
EndProject
Global
	GlobalSection(SolutionConfigurationPlatforms) = preSolution
		Debug|Any CPU = Debug|Any CPU
		Release|Any CPU = Release|Any CPU
	EndGlobalSection
	GlobalSection(ProjectConfigurationPlatforms) = postSolution
		{B6046AA8-471F-45C2-A371-47EED07EE43F}.Debug|Any CPU.ActiveCfg = Debug|Any CPU
		{B6046AA8-471F-45C2-A371-47EED07EE43F}.Debug|Any CPU.Build.0 = Debug|Any CPU
		{B6046AA8-471F-45C2-A371-47EED07EE43F}.Release|Any CPU.ActiveCfg = Release|Any CPU
		{B6046AA8-471F-45C2-A371-47EED07EE43F}.Release|Any CPU.Build.0 = Release|Any CPU
	EndGlobalSection
	GlobalSection(SolutionProperties) = preSolution
		HideSolutionNode = FALSE
	EndGlobalSection
	GlobalSection(ExtensibilityGlobals) = postSolution
		SolutionGuid = {A8FD71C6-1898-4597-A34C-364F1B6CA630}
	EndGlobalSection
EndGlobal
